
Microsoft Visual Studio Solution File, Format Version 12.00
# Visual Studio Version 16
VisualStudioVersion = 16.0.30907.101
MinimumVisualStudioVersion = 10.0.40219.1
Project("{FAE04EC0-301F-11D3-BF4B-00C04F79EFBC}") = "GameUI", "..\GameUI\GameUI.csproj", "{7DDCD107-8F33-4D1B-B073-017B738C464B}"
EndProject
Global
	GlobalSection(SolutionConfigurationPlatforms) = preSolution
		Debug|Any CPU = Debug|Any CPU
		Release|Any CPU = Release|Any CPU
	EndGlobalSection
	GlobalSection(ProjectConfigurationPlatforms) = postSolution
		{7DDCD107-8F33-4D1B-B073-017B738C464B}.Debug|Any CPU.ActiveCfg = Debug|Any CPU
		{7DDCD107-8F33-4D1B-B073-017B738C464B}.Debug|Any CPU.Build.0 = Debug|Any CPU
		{7DDCD107-8F33-4D1B-B073-017B738C464B}.Release|Any CPU.ActiveCfg = Release|Any CPU
		{7DDCD107-8F33-4D1B-B073-017B738C464B}.Release|Any CPU.Build.0 = Release|Any CPU
	EndGlobalSection
	GlobalSection(SolutionProperties) = preSolution
		HideSolutionNode = FALSE
	EndGlobalSection
	GlobalSection(ExtensibilityGlobals) = postSolution
		SolutionGuid = {E57C2ED3-363A-4650-B70A-D19082C528B3}
	EndGlobalSection
EndGlobal
